# generated by rye
# use `rye lock` or `rye sync` to update this lockfile
#
# last locked with the following flags:
#   pre: false
#   features: []
#   all-features: false
#   with-sources: false
#   generate-hashes: false
#   universal: false

-e file:.
absl-py==2.1.0
    # via keras
    # via tensorboard
    # via tensorflow
    # via witwidget
aif360==0.6.1
    # via compas-analysis
anyio==3.7.1
    # via jupyter-server
argon2-cffi==23.1.0
    # via jupyter-server
    # via notebook
argon2-cffi-bindings==21.2.0
    # via argon2-cffi
astunparse==1.6.3
    # via tensorflow
attrs==24.2.0
    # via jsonschema
    # via referencing
babel==2.16.0
    # via jupyterlab-server
backcall==0.2.0
    # via ipython
beautifulsoup4==4.12.3
    # via nbconvert
bleach==6.2.0
    # via nbconvert
cachetools==5.5.0
    # via google-auth
certifi==2024.8.30
    # via requests
cffi==1.17.1
    # via argon2-cffi-bindings
charset-normalizer==3.4.0
    # via requests
comm==0.2.2
    # via ipywidgets
contourpy==1.3.0
    # via matplotlib
cycler==0.12.1
    # via matplotlib
debugpy==1.8.7
    # via ipykernel
decorator==5.1.1
    # via ipython
defusedxml==0.7.1
    # via nbconvert
entrypoints==0.4
    # via jupyter-client
    # via jupyterlab-server
    # via nbconvert
fastjsonschema==2.20.0
    # via nbformat
flatbuffers==24.3.25
    # via tensorflow
fonttools==4.54.1
    # via matplotlib
gast==0.6.0
    # via tensorflow
google-api-core==2.22.0
    # via google-api-python-client
google-api-python-client==2.151.0
    # via witwidget
google-auth==2.35.0
    # via google-api-core
    # via google-api-python-client
    # via google-auth-httplib2
google-auth-httplib2==0.2.0
    # via google-api-python-client
google-pasta==0.2.0
    # via tensorflow
googleapis-common-protos==1.65.0
    # via google-api-core
grpcio==1.67.1
    # via tensorboard
    # via tensorflow
h5py==3.12.1
    # via keras
    # via tensorflow
httplib2==0.22.0
    # via google-api-python-client
    # via google-auth-httplib2
    # via oauth2client
idna==3.10
    # via anyio
    # via requests
ipykernel==6.6.0
    # via nbclassic
    # via notebook
ipython==7.31.1
    # via ipykernel
    # via ipywidgets
    # via jupyterlab
ipython-genutils==0.2.0
    # via nbclassic
    # via notebook
ipywidgets==8.1.5
    # via witwidget
jedi==0.19.1
    # via ipython
jinja2==2.11.3
    # via jupyter-server
    # via jupyterlab
    # via jupyterlab-server
    # via nbconvert
    # via notebook
joblib==1.4.2
    # via scikit-learn
json5==0.9.25
    # via jupyterlab-server
jsonschema==4.23.0
    # via jupyterlab-server
    # via nbformat
jsonschema-specifications==2024.10.1
    # via jsonschema
jupyter-client==7.4.9
    # via ipykernel
    # via jupyter-server
    # via nbclient
    # via notebook
jupyter-core==5.7.2
    # via jupyter-client
    # via jupyter-server
    # via jupyterlab
    # via nbconvert
    # via nbformat
    # via notebook
jupyter-server==1.24.0
    # via jupyterlab
    # via jupyterlab-server
    # via notebook-shim
jupyterlab==3.5.3
    # via compas-analysis
jupyterlab-pygments==0.3.0
    # via nbconvert
jupyterlab-server==2.10.3
    # via jupyterlab
jupyterlab-widgets==3.0.13
    # via ipywidgets
keras==3.6.0
    # via tensorflow
kiwisolver==1.4.7
    # via matplotlib
libclang==18.1.1
    # via tensorflow
markdown==3.7
    # via tensorboard
markdown-it-py==3.0.0
    # via rich
markupsafe==2.0.1
    # via jinja2
    # via nbconvert
matplotlib==3.9.2
    # via aif360
    # via compas-analysis
    # via seaborn
matplotlib-inline==0.1.7
    # via ipykernel
    # via ipython
mdurl==0.1.2
    # via markdown-it-py
mistune==0.8.4
    # via nbconvert
ml-dtypes==0.4.1
    # via keras
    # via tensorflow
namex==0.0.8
    # via keras
nbclassic==1.1.0
    # via jupyterlab
    # via notebook
nbclient==0.5.13
    # via nbconvert
nbconvert==6.4.5
    # via jupyter-server
    # via notebook
nbformat==5.10.4
    # via jupyter-server
    # via nbclient
    # via nbconvert
    # via notebook
nest-asyncio==1.6.0
    # via jupyter-client
    # via nbclassic
    # via nbclient
    # via notebook
notebook==6.5.7
    # via jupyterlab
notebook-shim==0.2.4
    # via nbclassic
numpy==2.0.2
    # via aif360
    # via contourpy
    # via h5py
    # via keras
    # via matplotlib
    # via ml-dtypes
    # via pandas
    # via scikit-learn
    # via scipy
    # via seaborn
    # via tensorboard
    # via tensorflow
oauth2client==4.1.3
    # via witwidget
opt-einsum==3.4.0
    # via tensorflow
optree==0.13.0
    # via keras
packaging==24.1
    # via jupyter-server
    # via jupyterlab
    # via jupyterlab-server
    # via keras
    # via matplotlib
    # via tensorboard
    # via tensorflow
pandas==2.2.3
    # via aif360
    # via compas-analysis
    # via seaborn
pandocfilters==1.5.1
    # via nbconvert
parso==0.8.4
    # via jedi
pexpect==4.9.0
    # via ipython
pickleshare==0.7.5
    # via ipython
pillow==11.0.0
    # via matplotlib
platformdirs==4.3.6
    # via jupyter-core
prometheus-client==0.21.0
    # via jupyter-server
    # via notebook
prompt-toolkit==3.0.48
    # via ipython
proto-plus==1.25.0
    # via google-api-core
protobuf==5.28.3
    # via google-api-core
    # via googleapis-common-protos
    # via proto-plus
    # via tensorboard
    # via tensorflow
ptyprocess==0.7.0
    # via pexpect
    # via terminado
pyasn1==0.6.1
    # via oauth2client
    # via pyasn1-modules
    # via rsa
pyasn1-modules==0.4.1
    # via google-auth
    # via oauth2client
pycparser==2.22
    # via cffi
pygments==2.18.0
    # via ipython
    # via nbconvert
    # via rich
pyparsing==3.2.0
    # via httplib2
    # via matplotlib
python-dateutil==2.9.0.post0
    # via jupyter-client
    # via matplotlib
    # via pandas
pytz==2024.2
    # via pandas
pyzmq==26.2.0
    # via jupyter-client
    # via jupyter-server
    # via notebook
referencing==0.35.1
    # via jsonschema
    # via jsonschema-specifications
requests==2.32.3
    # via google-api-core
    # via jupyterlab-server
    # via tensorflow
rich==13.9.4
    # via keras
rpds-py==0.20.1
    # via jsonschema
    # via referencing
rsa==4.9
    # via google-auth
    # via oauth2client
scikit-learn==1.5.2
    # via aif360
scipy==1.14.1
    # via aif360
    # via scikit-learn
seaborn==0.13.2
    # via compas-analysis
send2trash==1.8.3
    # via jupyter-server
    # via notebook
setuptools==75.3.0
    # via ipython
    # via tensorboard
    # via tensorflow
six==1.16.0
    # via astunparse
    # via google-pasta
    # via oauth2client
    # via python-dateutil
    # via tensorboard
    # via tensorflow
    # via witwidget
sniffio==1.3.1
    # via anyio
soupsieve==2.6
    # via beautifulsoup4
tensorboard==2.18.0
    # via tensorflow
tensorboard-data-server==0.7.2
    # via tensorboard
tensorflow==2.18.0
    # via witwidget
termcolor==2.5.0
    # via tensorflow
terminado==0.18.1
    # via jupyter-server
    # via notebook
testpath==0.6.0
    # via nbconvert
threadpoolctl==3.5.0
    # via scikit-learn
tomli==2.0.2
    # via jupyterlab
tornado==6.4.1
    # via ipykernel
    # via jupyter-client
    # via jupyter-server
    # via jupyterlab
    # via notebook
    # via terminado
traitlets==5.14.3
    # via comm
    # via ipykernel
    # via ipython
    # via ipywidgets
    # via jupyter-client
    # via jupyter-core
    # via jupyter-server
    # via matplotlib-inline
    # via nbclient
    # via nbconvert
    # via nbformat
    # via notebook
typing-extensions==4.12.2
    # via optree
    # via tensorflow
tzdata==2024.2
    # via pandas
uritemplate==4.1.1
    # via google-api-python-client
urllib3==2.2.3
    # via requests
wcwidth==0.2.13
    # via prompt-toolkit
webencodings==0.5.1
    # via bleach
websocket-client==1.8.0
    # via jupyter-server
werkzeug==2.0.3
    # via tensorboard
wheel==0.44.0
    # via astunparse
widgetsnbextension==4.0.13
    # via ipywidgets
witwidget==1.8.1
    # via compas-analysis
wrapt==1.16.0
    # via tensorflow
